// !$*UTF8*$!
{
	archiveVersion = 1;
	classes = {
	};
	objectVersion = 50;
	objects = {

/* Begin PBXBuildFile section */
		28112DEF24194AB600E7136D /* AppDelegate.swift in Sources */ = {isa = PBXBuildFile; fileRef = 28112DEE24194AB600E7136D /* AppDelegate.swift */; };
		28112DF124194AB600E7136D /* SceneDelegate.swift in Sources */ = {isa = PBXBuildFile; fileRef = 28112DF024194AB600E7136D /* SceneDelegate.swift */; };
		28112DF324194AB600E7136D /* ViewController.swift in Sources */ = {isa = PBXBuildFile; fileRef = 28112DF224194AB600E7136D /* ViewController.swift */; };
		28112DF624194AB600E7136D /* Main.storyboard in Resources */ = {isa = PBXBuildFile; fileRef = 28112DF424194AB600E7136D /* Main.storyboard */; };
		28112DF824194AB900E7136D /* Assets.xcassets in Resources */ = {isa = PBXBuildFile; fileRef = 28112DF724194AB900E7136D /* Assets.xcassets */; };
		28112DFB24194AB900E7136D /* LaunchScreen.storyboard in Resources */ = {isa = PBXBuildFile; fileRef = 28112DF924194AB900E7136D /* LaunchScreen.storyboard */; };
		28112E0324194B0700E7136D /* BreatheView.swift in Sources */ = {isa = PBXBuildFile; fileRef = 28112E0224194B0700E7136D /* BreatheView.swift */; };
		28D3A47F24199126006CE88C /* Circle.swift in Sources */ = {isa = PBXBuildFile; fileRef = 28D3A47E24199126006CE88C /* Circle.swift */; };
		28D3A4812419A617006CE88C /* ColorPickerView.swift in Sources */ = {isa = PBXBuildFile; fileRef = 28D3A4802419A617006CE88C /* ColorPickerView.swift */; };
/* End PBXBuildFile section */

/* Begin PBXFileReference section */
		28112DEB24194AB600E7136D /* Breathe-Animation.app */ = {isa = PBXFileReference; explicitFileType = wrapper.application; includeInIndex = 0; path = "Breathe-Animation.app"; sourceTree = BUILT_PRODUCTS_DIR; };
		28112DEE24194AB600E7136D /* AppDelegate.swift */ = {isa = PBXFileReference; lastKnownFileType = sourcecode.swift; path = AppDelegate.swift; sourceTree = "<group>"; };
		28112DF024194AB600E7136D /* SceneDelegate.swift */ = {isa = PBXFileReference; lastKnownFileType = sourcecode.swift; path = SceneDelegate.swift; sourceTree = "<group>"; };
		28112DF224194AB600E7136D /* ViewController.swift */ = {isa = PBXFileReference; lastKnownFileType = sourcecode.swift; path = ViewController.swift; sourceTree = "<group>"; };
		28112DF524194AB600E7136D /* Base */ = {isa = PBXFileReference; lastKnownFileType = file.storyboard; name = Base; path = Base.lproj/Main.storyboard; sourceTree = "<group>"; };
		28112DF724194AB900E7136D /* Assets.xcassets */ = {isa = PBXFileReference; lastKnownFileType = folder.assetcatalog; path = Assets.xcassets; sourceTree = "<group>"; };
		28112DFA24194AB900E7136D /* Base */ = {isa = PBXFileReference; lastKnownFileType = file.storyboard; name = Base; path = Base.lproj/LaunchScreen.storyboard; sourceTree = "<group>"; };
		28112DFC24194AB900E7136D /* Info.plist */ = {isa = PBXFileReference; lastKnownFileType = text.plist.xml; path = Info.plist; sourceTree = "<group>"; };
		28112E0224194B0700E7136D /* BreatheView.swift */ = {isa = PBXFileReference; lastKnownFileType = sourcecode.swift; path = BreatheView.swift; sourceTree = "<group>"; };
		28D3A47E24199126006CE88C /* Circle.swift */ = {isa = PBXFileReference; lastKnownFileType = sourcecode.swift; path = Circle.swift; sourceTree = "<group>"; };
		28D3A4802419A617006CE88C /* ColorPickerView.swift */ = {isa = PBXFileReference; lastKnownFileType = sourcecode.swift; path = ColorPickerView.swift; sourceTree = "<group>"; };
/* End PBXFileReference section */

/* Begin PBXFrameworksBuildPhase section */
		28112DE824194AB600E7136D /* Frameworks */ = {
			isa = PBXFrameworksBuildPhase;
			buildActionMask = 2147483647;
			files = (
			);
			runOnlyForDeploymentPostprocessing = 0;
		};
/* End PBXFrameworksBuildPhase section */

/* Begin PBXGroup section */
		28112DE224194AB600E7136D = {
			isa = PBXGroup;
			children = (
				28112DED24194AB600E7136D /* Breathe-Animation */,
				28112DEC24194AB600E7136D /* Products */,
			);
			sourceTree = "<group>";
		};
		28112DEC24194AB600E7136D /* Products */ = {
			isa = PBXGroup;
			children = (
				28112DEB24194AB600E7136D /* Breathe-Animation.app */,
			);
			name = Products;
			sourceTree = "<group>";
		};
		28112DED24194AB600E7136D /* Breathe-Animation */ = {
			isa = PBXGroup;
			children = (
				28112DEE24194AB600E7136D /* AppDelegate.swift */,
				28112DF024194AB600E7136D /* SceneDelegate.swift */,
				28112DF224194AB600E7136D /* ViewController.swift */,
				28112E0224194B0700E7136D /* BreatheView.swift */,
				28D3A47E24199126006CE88C /* Circle.swift */,
				28D3A4822419A62A006CE88C /* Utilities */,
				28112DF424194AB600E7136D /* Main.storyboard */,
				28112DF724194AB900E7136D /* Assets.xcassets */,
				28112DF924194AB900E7136D /* LaunchScreen.storyboard */,
				28112DFC24194AB900E7136D /* Info.plist */,
			);
			path = "Breathe-Animation";
			sourceTree = "<group>";
		};
		28D3A4822419A62A006CE88C /* Utilities */ = {
			isa = PBXGroup;
			children = (
				28D3A4802419A617006CE88C /* ColorPickerView.swift */,
			);
			path = Utilities;
			sourceTree = "<group>";
		};
/* End PBXGroup section */

/* Begin PBXNativeTarget section */
		28112DEA24194AB600E7136D /* Breathe-Animation */ = {
			isa = PBXNativeTarget;
			buildConfigurationList = 28112DFF24194AB900E7136D /* Build configuration list for PBXNativeTarget "Breathe-Animation" */;
			buildPhases = (
				28112DE724194AB600E7136D /* Sources */,
				28112DE824194AB600E7136D /* Frameworks */,
				28112DE924194AB600E7136D /* Resources */,
			);
			buildRules = (
			);
			dependencies = (
			);
			name = "Breathe-Animation";
			productName = "Breathe-Animation";
			productReference = 28112DEB24194AB600E7136D /* Breathe-Animation.app */;
			productType = "com.apple.product-type.application";
		};
/* End PBXNativeTarget section */

/* Begin PBXProject section */
		28112DE324194AB600E7136D /* Project object */ = {
			isa = PBXProject;
			attributes = {
				LastSwiftUpdateCheck = 1130;
				LastUpgradeCheck = 1130;
				ORGANIZATIONNAME = Besher;
				TargetAttributes = {
					28112DEA24194AB600E7136D = {
						CreatedOnToolsVersion = 11.3.1;
					};
				};
			};
			buildConfigurationList = 28112DE624194AB600E7136D /* Build configuration list for PBXProject "Breathe-Animation" */;
			compatibilityVersion = "Xcode 9.3";
			developmentRegion = en;
			hasScannedForEncodings = 0;
			knownRegions = (
				en,
				Base,
			);
			mainGroup = 28112DE224194AB600E7136D;
			productRefGroup = 28112DEC24194AB600E7136D /* Products */;
			projectDirPath = "";
			projectRoot = "";
			targets = (
				28112DEA24194AB600E7136D /* Breathe-Animation */,
			);
		};
/* End PBXProject section */

/* Begin PBXResourcesBuildPhase section */
		28112DE924194AB600E7136D /* Resources */ = {
			isa = PBXResourcesBuildPhase;
			buildActionMask = 2147483647;
			files = (
				28112DFB24194AB900E7136D /* LaunchScreen.storyboard in Resources */,
				28112DF824194AB900E7136D /* Assets.xcassets in Resources */,
				28112DF624194AB600E7136D /* Main.storyboard in Resources */,
			);
			runOnlyForDeploymentPostprocessing = 0;
		};
/* End PBXResourcesBuildPhase section */

/* Begin PBXSourcesBuildPhase section */
		28112DE724194AB600E7136D /* Sources */ = {
			isa = PBXSourcesBuildPhase;
			buildActionMask = 2147483647;
			files = (
				28D3A47F24199126006CE88C /* Circle.swift in Sources */,
				28112DF324194AB600E7136D /* ViewController.swift in Sources */,
				28D3A4812419A617006CE88C /* ColorPickerView.swift in Sources */,
				28112DEF24194AB600E7136D /* AppDelegate.swift in Sources */,
				28112E0324194B0700E7136D /* BreatheView.swift in Sources */,
				28112DF124194AB600E7136D /* SceneDelegate.swift in Sources */,
			);
			runOnlyForDeploymentPostprocessing = 0;
		};
/* End PBXSourcesBuildPhase section */

/* Begin PBXVariantGroup section */
		28112DF424194AB600E7136D /* Main.storyboard */ = {
			isa = PBXVariantGroup;
			children = (
				28112DF524194AB600E7136D /* Base */,
			);
			name = Main.storyboard;
			sourceTree = "<group>";
		};
		28112DF924194AB900E7136D /* LaunchScreen.storyboard */ = {
			isa = PBXVariantGroup;
			children = (
				28112DFA24194AB900E7136D /* Base */,
			);
			name = LaunchScreen.storyboard;
			sourceTree = "<group>";
		};
/* End PBXVariantGroup section */

/* Begin XCBuildConfiguration section */
		28112DFD24194AB900E7136D /* Debug */ = {
			isa = XCBuildConfiguration;
			buildSettings = {
				ALWAYS_SEARCH_USER_PATHS = NO;
				CLANG_ANALYZER_NONNULL = YES;
				CLANG_ANALYZER_NUMBER_OBJECT_CONVERSION = YES_AGGRESSIVE;
				CLANG_CXX_LANGUAGE_STANDARD = "gnu++14";
				CLANG_CXX_LIBRARY = "libc++";
				CLANG_ENABLE_MODULES = YES;
				CLANG_ENABLE_OBJC_ARC = YES;
				CLANG_ENABLE_OBJC_WEAK = YES;
				CLANG_WARN_BLOCK_CAPTURE_AUTORELEASING = YES;
				CLANG_WARN_BOOL_CONVERSION = YES;
				CLANG_WARN_COMMA = YES;
				CLANG_WARN_CONSTANT_CONVERSION = YES;
				CLANG_WARN_DEPRECATED_OBJC_IMPLEMENTATIONS = YES;
				CLANG_WARN_DIRECT_OBJC_ISA_USAGE = YES_ERROR;
				CLANG_WARN_DOCUMENTATION_COMMENTS = YES;
				CLANG_WARN_EMPTY_BODY = YES;
				CLANG_WARN_ENUM_CONVERSION = YES;
				CLANG_WARN_INFINITE_RECURSION = YES;
				CLANG_WARN_INT_CONVERSION = YES;
				CLANG_WARN_NON_LITERAL_NULL_CONVERSION = YES;
				CLANG_WARN_OBJC_IMPLICIT_RETAIN_SELF = YES;
				CLANG_WARN_OBJC_LITERAL_CONVERSION = YES;
				CLANG_WARN_OBJC_ROOT_CLASS = YES_ERROR;
				CLANG_WARN_RANGE_LOOP_ANALYSIS = YES;
				CLANG_WARN_STRICT_PROTOTYPES = YES;
				CLANG_WARN_SUSPICIOUS_MOVE = YES;
				CLANG_WARN_UNGUARDED_AVAILABILITY = YES_AGGRESSIVE;
				CLANG_WARN_UNREACHABLE_CODE = YES;
				CLANG_WARN__DUPLICATE_METHOD_MATCH = YES;
				COPY_PHASE_STRIP = NO;
				DEBUG_INFORMATION_FORMAT = dwarf;
				ENABLE_STRICT_OBJC_MSGSEND = YES;
				ENABLE_TESTABILITY = YES;
				GCC_C_LANGUAGE_STANDARD = gnu11;
				GCC_DYNAMIC_NO_PIC = NO;
				GCC_NO_COMMON_BLOCKS = YES;
				GCC_OPTIMIZATION_LEVEL = 0;
				GCC_PREPROCESSOR_DEFINITIONS = (
					"DEBUG=1",
					"$(inherited)",
				);
				GCC_WARN_64_TO_32_BIT_CONVERSION = YES;
				GCC_WARN_ABOUT_RETURN_TYPE = YES_ERROR;
				GCC_WARN_UNDECLARED_SELECTOR = YES;
				GCC_WARN_UNINITIALIZED_AUTOS = YES_AGGRESSIVE;
				GCC_WARN_UNUSED_FUNCTION = YES;
				GCC_WARN_UNUSED_VARIABLE = YES;
				IPHONEOS_DEPLOYMENT_TARGET = 13.2;
				MTL_ENABLE_DEBUG_INFO = INCLUDE_SOURCE;
				MTL_FAST_MATH = YES;
				ONLY_ACTIVE_ARCH = YES;
				SDKROOT = iphoneos;
				SWIFT_ACTIVE_COMPILATION_CONDITIONS = DEBUG;
				SWIFT_OPTIMIZATION_LEVEL = "-Onone";
			};
			name = Debug;
		};
		28112DFE24194AB900E7136D /* Release */ = {
			isa = XCBuildConfiguration;
			buildSettings = {
				ALWAYS_SEARCH_USER_PATHS = NO;
				CLANG_ANALYZER_NONNULL = YES;
				CLANG_ANALYZER_NUMBER_OBJECT_CONVERSION = YES_AGGRESSIVE;
				CLANG_CXX_LANGUAGE_STANDARD = "gnu++14";
				CLANG_CXX_LIBRARY = "libc++";
				CLANG_ENABLE_MODULES = YES;
				CLANG_ENABLE_OBJC_ARC = YES;
				CLANG_ENABLE_OBJC_WEAK = YES;
				CLANG_WARN_BLOCK_CAPTURE_AUTORELEASING = YES;
				CLANG_WARN_BOOL_CONVERSION = YES;
				CLANG_WARN_COMMA = YES;
				CLANG_WARN_CONSTANT_CONVERSION = YES;
				CLANG_WARN_DEPRECATED_OBJC_IMPLEMENTATIONS = YES;
				CLANG_WARN_DIRECT_OBJC_ISA_USAGE = YES_ERROR;
				CLANG_WARN_DOCUMENTATION_COMMENTS = YES;
				CLANG_WARN_EMPTY_BODY = YES;
				CLANG_WARN_ENUM_CONVERSION = YES;
				CLANG_WARN_INFINITE_RECURSION = YES;
				CLANG_WARN_INT_CONVERSION = YES;
				CLANG_WARN_NON_LITERAL_NULL_CONVERSION = YES;
				CLANG_WARN_OBJC_IMPLICIT_RETAIN_SELF = YES;
				CLANG_WARN_OBJC_LITERAL_CONVERSION = YES;
				CLANG_WARN_OBJC_ROOT_CLASS = YES_ERROR;
				CLANG_WARN_RANGE_LOOP_ANALYSIS = YES;
				CLANG_WARN_STRICT_PROTOTYPES = YES;
				CLANG_WARN_SUSPICIOUS_MOVE = YES;
				CLANG_WARN_UNGUARDED_AVAILABILITY = YES_AGGRESSIVE;
				CLANG_WARN_UNREACHABLE_CODE = YES;
				CLANG_WARN__DUPLICATE_METHOD_MATCH = YES;
				COPY_PHASE_STRIP = NO;
				DEBUG_INFORMATION_FORMAT = "dwarf-with-dsym";
				ENABLE_NS_ASSERTIONS = NO;
				ENABLE_STRICT_OBJC_MSGSEND = YES;
				GCC_C_LANGUAGE_STANDARD = gnu11;
				GCC_NO_COMMON_BLOCKS = YES;
				GCC_WARN_64_TO_32_BIT_CONVERSION = YES;
				GCC_WARN_ABOUT_RETURN_TYPE = YES_ERROR;
				GCC_WARN_UNDECLARED_SELECTOR = YES;
				GCC_WARN_UNINITIALIZED_AUTOS = YES_AGGRESSIVE;
				GCC_WARN_UNUSED_FUNCTION = YES;
				GCC_WARN_UNUSED_VARIABLE = YES;
				IPHONEOS_DEPLOYMENT_TARGET = 13.2;
				MTL_ENABLE_DEBUG_INFO = NO;
				MTL_FAST_MATH = YES;
				SDKROOT = iphoneos;
				SWIFT_COMPILATION_MODE = wholemodule;
				SWIFT_OPTIMIZATION_LEVEL = "-O";
				VALIDATE_PRODUCT = YES;
			};
			name = Release;
		};
		28112E0024194AB900E7136D /* Debug */ = {
			isa = XCBuildConfiguration;
			buildSettings = {
				ASSETCATALOG_COMPILER_APPICON_NAME = AppIcon;
				CODE_SIGN_STYLE = Automatic;
				INFOPLIST_FILE = "Breathe-Animation/Info.plist";
				LD_RUNPATH_SEARCH_PATHS = (
					"$(inherited)",
					"@executable_path/Frameworks",
				);
				PRODUCT_BUNDLE_IDENTIFIER = "com.besher.Breathe-Animation";
				PRODUCT_NAME = "$(TARGET_NAME)";
				SWIFT_VERSION = 5.0;
				TARGETED_DEVICE_FAMILY = "1,2";
			};
			name = Debug;
		};
		28112E0124194AB900E7136D /* Release */ = {
			isa = XCBuildConfiguration;
			buildSettings = {
				ASSETCATALOG_COMPILER_APPICON_NAME = AppIcon;
				CODE_SIGN_STYLE = Automatic;
				INFOPLIST_FILE = "Breathe-Animation/Info.plist";
				LD_RUNPATH_SEARCH_PATHS = (
					"$(inherited)",
					"@executable_path/Frameworks",
				);
				PRODUCT_BUNDLE_IDENTIFIER = "com.besher.Breathe-Animation";
				PRODUCT_NAME = "$(TARGET_NAME)";
				SWIFT_VERSION = 5.0;
				TARGETED_DEVICE_FAMILY = "1,2";
			};
			name = Release;
		};
/* End XCBuildConfiguration section */

/* Begin XCConfigurationList section */
		28112DE624194AB600E7136D /* Build configuration list for PBXProject "Breathe-Animation" */ = {
			isa = XCConfigurationList;
			buildConfigurations = (
				28112DFD24194AB900E7136D /* Debug */,
				28112DFE24194AB900E7136D /* Release */,
			);
			defaultConfigurationIsVisible = 0;
			defaultConfigurationName = Release;
		};
		28112DFF24194AB900E7136D /* Build configuration list for PBXNativeTarget "Breathe-Animation" */ = {
			isa = XCConfigurationList;
			buildConfigurations = (
				28112E0024194AB900E7136D /* Debug */,
				28112E0124194AB900E7136D /* Release */,
			);
			defaultConfigurationIsVisible = 0;
			defaultConfigurationName = Release;
		};
/* End XCConfigurationList section */
	};
	rootObject = 28112DE324194AB600E7136D /* Project object */;
}
